
Microsoft Visual Studio Solution File, Format Version 12.00
# Visual Studio Version 16
VisualStudioVersion = 16.0.28803.352
MinimumVisualStudioVersion = 10.0.40219.1
Project("{9A19103F-16F7-4668-BE54-9A1E7A4F7556}") = "WebApplication5", "WebApplication5\WebApplication5.csproj", "{F56492F2-D65A-4CD6-802C-ECECBF8FECFF}"
EndProject
Global
	GlobalSection(SolutionConfigurationPlatforms) = preSolution
		Debug|Any CPU = Debug|Any CPU
		Release|Any CPU = Release|Any CPU
	EndGlobalSection
	GlobalSection(ProjectConfigurationPlatforms) = postSolution
		{F56492F2-D65A-4CD6-802C-ECECBF8FECFF}.Debug|Any CPU.ActiveCfg = Debug|Any CPU
		{F56492F2-D65A-4CD6-802C-ECECBF8FECFF}.Debug|Any CPU.Build.0 = Debug|Any CPU
		{F56492F2-D65A-4CD6-802C-ECECBF8FECFF}.Release|Any CPU.ActiveCfg = Release|Any CPU
		{F56492F2-D65A-4CD6-802C-ECECBF8FECFF}.Release|Any CPU.Build.0 = Release|Any CPU
	EndGlobalSection
	GlobalSection(SolutionProperties) = preSolution
		HideSolutionNode = FALSE
	EndGlobalSection
	GlobalSection(ExtensibilityGlobals) = postSolution
		SolutionGuid = {9A895F6F-4480-49B7-8D59-4009BCD45578}
	EndGlobalSection
EndGlobal
